// !$*UTF8*$!
{
	archiveVersion = 1;
	classes = {
	};
	objectVersion = 50;
	objects = {

/* Begin PBXBuildFile section */
		4320C74A268EF15900AEF27B /* GpAttendanceApp.swift in Sources */ = {isa = PBXBuildFile; fileRef = 4320C749268EF15900AEF27B /* GpAttendanceApp.swift */; };
		4320C74C268EF15900AEF27B /* ContentView.swift in Sources */ = {isa = PBXBuildFile; fileRef = 4320C74B268EF15900AEF27B /* ContentView.swift */; };
		4320C74E268EF15A00AEF27B /* Assets.xcassets in Resources */ = {isa = PBXBuildFile; fileRef = 4320C74D268EF15A00AEF27B /* Assets.xcassets */; };
		4320C751268EF15A00AEF27B /* Preview Assets.xcassets in Resources */ = {isa = PBXBuildFile; fileRef = 4320C750268EF15A00AEF27B /* Preview Assets.xcassets */; };
		4320C75F268EF2AA00AEF27B /* WidgetKit.framework in Frameworks */ = {isa = PBXBuildFile; fileRef = 4320C75E268EF2AA00AEF27B /* WidgetKit.framework */; };
		4320C761268EF2AA00AEF27B /* SwiftUI.framework in Frameworks */ = {isa = PBXBuildFile; fileRef = 4320C760268EF2AA00AEF27B /* SwiftUI.framework */; };
		4320C764268EF2AA00AEF27B /* GpAttendanceWidget.swift in Sources */ = {isa = PBXBuildFile; fileRef = 4320C763268EF2AA00AEF27B /* GpAttendanceWidget.swift */; };
		4320C767268EF2AB00AEF27B /* Assets.xcassets in Resources */ = {isa = PBXBuildFile; fileRef = 4320C766268EF2AB00AEF27B /* Assets.xcassets */; };
		4320C769268EF2AB00AEF27B /* GpAttendanceWidget.intentdefinition in Sources */ = {isa = PBXBuildFile; fileRef = 4320C765268EF2AA00AEF27B /* GpAttendanceWidget.intentdefinition */; };
		4320C76A268EF2AB00AEF27B /* GpAttendanceWidget.intentdefinition in Sources */ = {isa = PBXBuildFile; fileRef = 4320C765268EF2AA00AEF27B /* GpAttendanceWidget.intentdefinition */; };
		4320C76D268EF2AB00AEF27B /* GpAttendanceWidgetExtension.appex in Embed App Extensions */ = {isa = PBXBuildFile; fileRef = 4320C75C268EF2AA00AEF27B /* GpAttendanceWidgetExtension.appex */; settings = {ATTRIBUTES = (RemoveHeadersOnCopy, ); }; };
		4320C773268EF2EB00AEF27B /* UserDefaults+PropertyWrapper.swift in Sources */ = {isa = PBXBuildFile; fileRef = 4320C772268EF2EB00AEF27B /* UserDefaults+PropertyWrapper.swift */; };
		4320C777268EFAB700AEF27B /* UserDefaultStore.swift in Sources */ = {isa = PBXBuildFile; fileRef = 4320C776268EFAB700AEF27B /* UserDefaultStore.swift */; };
		4320C778268F01FF00AEF27B /* UserDefaultStore.swift in Sources */ = {isa = PBXBuildFile; fileRef = 4320C776268EFAB700AEF27B /* UserDefaultStore.swift */; };
		4320C779268F020300AEF27B /* UserDefaults+PropertyWrapper.swift in Sources */ = {isa = PBXBuildFile; fileRef = 4320C772268EF2EB00AEF27B /* UserDefaults+PropertyWrapper.swift */; };
		4320C77B268F095C00AEF27B /* SettingView.swift in Sources */ = {isa = PBXBuildFile; fileRef = 4320C77A268F095C00AEF27B /* SettingView.swift */; };
		4320C77D268F114400AEF27B /* AppState.swift in Sources */ = {isa = PBXBuildFile; fileRef = 4320C77C268F114400AEF27B /* AppState.swift */; };
		4320C77F268F13EB00AEF27B /* Calendar+.swift in Sources */ = {isa = PBXBuildFile; fileRef = 4320C77E268F13EB00AEF27B /* Calendar+.swift */; };
		4320C780268F157800AEF27B /* Calendar+.swift in Sources */ = {isa = PBXBuildFile; fileRef = 4320C77E268F13EB00AEF27B /* Calendar+.swift */; };
/* End PBXBuildFile section */

/* Begin PBXContainerItemProxy section */
		4320C76B268EF2AB00AEF27B /* PBXContainerItemProxy */ = {
			isa = PBXContainerItemProxy;
			containerPortal = 4320C73E268EF15900AEF27B /* Project object */;
			proxyType = 1;
			remoteGlobalIDString = 4320C75B268EF2AA00AEF27B;
			remoteInfo = GpAttendanceWidgetExtension;
		};
/* End PBXContainerItemProxy section */

/* Begin PBXCopyFilesBuildPhase section */
		4320C771268EF2AB00AEF27B /* Embed App Extensions */ = {
			isa = PBXCopyFilesBuildPhase;
			buildActionMask = 2147483647;
			dstPath = "";
			dstSubfolderSpec = 13;
			files = (
				4320C76D268EF2AB00AEF27B /* GpAttendanceWidgetExtension.appex in Embed App Extensions */,
			);
			name = "Embed App Extensions";
			runOnlyForDeploymentPostprocessing = 0;
		};
/* End PBXCopyFilesBuildPhase section */

/* Begin PBXFileReference section */
		4320C746268EF15900AEF27B /* GpAttendance.app */ = {isa = PBXFileReference; explicitFileType = wrapper.application; includeInIndex = 0; path = GpAttendance.app; sourceTree = BUILT_PRODUCTS_DIR; };
		4320C749268EF15900AEF27B /* GpAttendanceApp.swift */ = {isa = PBXFileReference; lastKnownFileType = sourcecode.swift; path = GpAttendanceApp.swift; sourceTree = "<group>"; };
		4320C74B268EF15900AEF27B /* ContentView.swift */ = {isa = PBXFileReference; lastKnownFileType = sourcecode.swift; path = ContentView.swift; sourceTree = "<group>"; };
		4320C74D268EF15A00AEF27B /* Assets.xcassets */ = {isa = PBXFileReference; lastKnownFileType = folder.assetcatalog; path = Assets.xcassets; sourceTree = "<group>"; };
		4320C750268EF15A00AEF27B /* Preview Assets.xcassets */ = {isa = PBXFileReference; lastKnownFileType = folder.assetcatalog; path = "Preview Assets.xcassets"; sourceTree = "<group>"; };
		4320C752268EF15A00AEF27B /* Info.plist */ = {isa = PBXFileReference; lastKnownFileType = text.plist.xml; path = Info.plist; sourceTree = "<group>"; };
		4320C75C268EF2AA00AEF27B /* GpAttendanceWidgetExtension.appex */ = {isa = PBXFileReference; explicitFileType = "wrapper.app-extension"; includeInIndex = 0; path = GpAttendanceWidgetExtension.appex; sourceTree = BUILT_PRODUCTS_DIR; };
		4320C75E268EF2AA00AEF27B /* WidgetKit.framework */ = {isa = PBXFileReference; lastKnownFileType = wrapper.framework; name = WidgetKit.framework; path = System/Library/Frameworks/WidgetKit.framework; sourceTree = SDKROOT; };
		4320C760268EF2AA00AEF27B /* SwiftUI.framework */ = {isa = PBXFileReference; lastKnownFileType = wrapper.framework; name = SwiftUI.framework; path = System/Library/Frameworks/SwiftUI.framework; sourceTree = SDKROOT; };
		4320C763268EF2AA00AEF27B /* GpAttendanceWidget.swift */ = {isa = PBXFileReference; lastKnownFileType = sourcecode.swift; path = GpAttendanceWidget.swift; sourceTree = "<group>"; };
		4320C765268EF2AA00AEF27B /* GpAttendanceWidget.intentdefinition */ = {isa = PBXFileReference; lastKnownFileType = file.intentdefinition; path = GpAttendanceWidget.intentdefinition; sourceTree = "<group>"; };
		4320C766268EF2AB00AEF27B /* Assets.xcassets */ = {isa = PBXFileReference; lastKnownFileType = folder.assetcatalog; path = Assets.xcassets; sourceTree = "<group>"; };
		4320C768268EF2AB00AEF27B /* Info.plist */ = {isa = PBXFileReference; lastKnownFileType = text.plist.xml; path = Info.plist; sourceTree = "<group>"; };
		4320C772268EF2EB00AEF27B /* UserDefaults+PropertyWrapper.swift */ = {isa = PBXFileReference; lastKnownFileType = sourcecode.swift; path = "UserDefaults+PropertyWrapper.swift"; sourceTree = "<group>"; };
		4320C774268EF33700AEF27B /* GpAttendance.entitlements */ = {isa = PBXFileReference; lastKnownFileType = text.plist.entitlements; path = GpAttendance.entitlements; sourceTree = "<group>"; };
		4320C775268EF36D00AEF27B /* GpAttendanceWidgetExtension.entitlements */ = {isa = PBXFileReference; lastKnownFileType = text.plist.entitlements; path = GpAttendanceWidgetExtension.entitlements; sourceTree = "<group>"; };
		4320C776268EFAB700AEF27B /* UserDefaultStore.swift */ = {isa = PBXFileReference; lastKnownFileType = sourcecode.swift; path = UserDefaultStore.swift; sourceTree = "<group>"; };
		4320C77A268F095C00AEF27B /* SettingView.swift */ = {isa = PBXFileReference; lastKnownFileType = sourcecode.swift; path = SettingView.swift; sourceTree = "<group>"; };
		4320C77C268F114400AEF27B /* AppState.swift */ = {isa = PBXFileReference; lastKnownFileType = sourcecode.swift; path = AppState.swift; sourceTree = "<group>"; };
		4320C77E268F13EB00AEF27B /* Calendar+.swift */ = {isa = PBXFileReference; lastKnownFileType = sourcecode.swift; path = "Calendar+.swift"; sourceTree = "<group>"; };
/* End PBXFileReference section */

/* Begin PBXFrameworksBuildPhase section */
		4320C743268EF15900AEF27B /* Frameworks */ = {
			isa = PBXFrameworksBuildPhase;
			buildActionMask = 2147483647;
			files = (
			);
			runOnlyForDeploymentPostprocessing = 0;
		};
		4320C759268EF2AA00AEF27B /* Frameworks */ = {
			isa = PBXFrameworksBuildPhase;
			buildActionMask = 2147483647;
			files = (
				4320C761268EF2AA00AEF27B /* SwiftUI.framework in Frameworks */,
				4320C75F268EF2AA00AEF27B /* WidgetKit.framework in Frameworks */,
			);
			runOnlyForDeploymentPostprocessing = 0;
		};
/* End PBXFrameworksBuildPhase section */

/* Begin PBXGroup section */
		4320C73D268EF15900AEF27B = {
			isa = PBXGroup;
			children = (
				4320C748268EF15900AEF27B /* GpAttendance */,
				4320C762268EF2AA00AEF27B /* GpAttendanceWidget */,
				4320C75D268EF2AA00AEF27B /* Frameworks */,
				4320C747268EF15900AEF27B /* Products */,
			);
			sourceTree = "<group>";
		};
		4320C747268EF15900AEF27B /* Products */ = {
			isa = PBXGroup;
			children = (
				4320C746268EF15900AEF27B /* GpAttendance.app */,
				4320C75C268EF2AA00AEF27B /* GpAttendanceWidgetExtension.appex */,
			);
			name = Products;
			sourceTree = "<group>";
		};
		4320C748268EF15900AEF27B /* GpAttendance */ = {
			isa = PBXGroup;
			children = (
				438C1A3926CF95F300DB20AD /* App */,
				438C1A3826CF95E100DB20AD /* Assets */,
				438C1A3C26CF964700DB20AD /* Data */,
				438C1A3626CF957500DB20AD /* Configuration */,
				438C1A3B26CF962E00DB20AD /* View */,
			);
			path = GpAttendance;
			sourceTree = "<group>";
		};
		4320C74F268EF15A00AEF27B /* Preview Content */ = {
			isa = PBXGroup;
			children = (
				4320C750268EF15A00AEF27B /* Preview Assets.xcassets */,
			);
			path = "Preview Content";
			sourceTree = "<group>";
		};
		4320C75D268EF2AA00AEF27B /* Frameworks */ = {
			isa = PBXGroup;
			children = (
				4320C75E268EF2AA00AEF27B /* WidgetKit.framework */,
				4320C760268EF2AA00AEF27B /* SwiftUI.framework */,
			);
			name = Frameworks;
			sourceTree = "<group>";
		};
		4320C762268EF2AA00AEF27B /* GpAttendanceWidget */ = {
			isa = PBXGroup;
			children = (
				438C1A3E26CF967800DB20AD /* Assets */,
				438C1A3726CF958B00DB20AD /* Configuration */,
				438C1A3D26CF966C00DB20AD /* Widget */,
			);
			path = GpAttendanceWidget;
			sourceTree = "<group>";
		};
		438C1A3626CF957500DB20AD /* Configuration */ = {
			isa = PBXGroup;
			children = (
				4320C774268EF33700AEF27B /* GpAttendance.entitlements */,
				4320C752268EF15A00AEF27B /* Info.plist */,
			);
			path = Configuration;
			sourceTree = "<group>";
		};
		438C1A3726CF958B00DB20AD /* Configuration */ = {
			isa = PBXGroup;
			children = (
				4320C775268EF36D00AEF27B /* GpAttendanceWidgetExtension.entitlements */,
				4320C768268EF2AB00AEF27B /* Info.plist */,
				4320C765268EF2AA00AEF27B /* GpAttendanceWidget.intentdefinition */,
			);
			path = Configuration;
			sourceTree = "<group>";
		};
		438C1A3826CF95E100DB20AD /* Assets */ = {
			isa = PBXGroup;
			children = (
				4320C74D268EF15A00AEF27B /* Assets.xcassets */,
				4320C74F268EF15A00AEF27B /* Preview Content */,
			);
			path = Assets;
			sourceTree = "<group>";
		};
		438C1A3926CF95F300DB20AD /* App */ = {
			isa = PBXGroup;
			children = (
				438C1A3A26CF960B00DB20AD /* Foundation */,
				4320C749268EF15900AEF27B /* GpAttendanceApp.swift */,
			);
			path = App;
			sourceTree = "<group>";
		};
		438C1A3A26CF960B00DB20AD /* Foundation */ = {
			isa = PBXGroup;
			children = (
				4320C77E268F13EB00AEF27B /* Calendar+.swift */,
				4320C772268EF2EB00AEF27B /* UserDefaults+PropertyWrapper.swift */,
			);
			path = Foundation;
			sourceTree = "<group>";
		};
		438C1A3B26CF962E00DB20AD /* View */ = {
			isa = PBXGroup;
			children = (
				4320C74B268EF15900AEF27B /* ContentView.swift */,
				4320C77A268F095C00AEF27B /* SettingView.swift */,
			);
			path = View;
			sourceTree = "<group>";
		};
		438C1A3C26CF964700DB20AD /* Data */ = {
			isa = PBXGroup;
			children = (
				4320C776268EFAB700AEF27B /* UserDefaultStore.swift */,
				4320C77C268F114400AEF27B /* AppState.swift */,
			);
			path = Data;
			sourceTree = "<group>";
		};
		438C1A3D26CF966C00DB20AD /* Widget */ = {
			isa = PBXGroup;
			children = (
				4320C763268EF2AA00AEF27B /* GpAttendanceWidget.swift */,
			);
			path = Widget;
			sourceTree = "<group>";
		};
		438C1A3E26CF967800DB20AD /* Assets */ = {
			isa = PBXGroup;
			children = (
				4320C766268EF2AB00AEF27B /* Assets.xcassets */,
			);
			path = Assets;
			sourceTree = "<group>";
		};
/* End PBXGroup section */

/* Begin PBXNativeTarget section */
		4320C745268EF15900AEF27B /* GpAttendance */ = {
			isa = PBXNativeTarget;
			buildConfigurationList = 4320C755268EF15A00AEF27B /* Build configuration list for PBXNativeTarget "GpAttendance" */;
			buildPhases = (
				4320C742268EF15900AEF27B /* Sources */,
				4320C743268EF15900AEF27B /* Frameworks */,
				4320C744268EF15900AEF27B /* Resources */,
				4320C771268EF2AB00AEF27B /* Embed App Extensions */,
			);
			buildRules = (
			);
			dependencies = (
				4320C76C268EF2AB00AEF27B /* PBXTargetDependency */,
			);
			name = GpAttendance;
			productName = GpAttendance;
			productReference = 4320C746268EF15900AEF27B /* GpAttendance.app */;
			productType = "com.apple.product-type.application";
		};
		4320C75B268EF2AA00AEF27B /* GpAttendanceWidgetExtension */ = {
			isa = PBXNativeTarget;
			buildConfigurationList = 4320C76E268EF2AB00AEF27B /* Build configuration list for PBXNativeTarget "GpAttendanceWidgetExtension" */;
			buildPhases = (
				4320C758268EF2AA00AEF27B /* Sources */,
				4320C759268EF2AA00AEF27B /* Frameworks */,
				4320C75A268EF2AA00AEF27B /* Resources */,
			);
			buildRules = (
			);
			dependencies = (
			);
			name = GpAttendanceWidgetExtension;
			productName = GpAttendanceWidgetExtension;
			productReference = 4320C75C268EF2AA00AEF27B /* GpAttendanceWidgetExtension.appex */;
			productType = "com.apple.product-type.app-extension";
		};
/* End PBXNativeTarget section */

/* Begin PBXProject section */
		4320C73E268EF15900AEF27B /* Project object */ = {
			isa = PBXProject;
			attributes = {
				LastSwiftUpdateCheck = 1250;
				LastUpgradeCheck = 1250;
				TargetAttributes = {
					4320C745268EF15900AEF27B = {
						CreatedOnToolsVersion = 12.5.1;
					};
					4320C75B268EF2AA00AEF27B = {
						CreatedOnToolsVersion = 12.5.1;
					};
				};
			};
			buildConfigurationList = 4320C741268EF15900AEF27B /* Build configuration list for PBXProject "GpAttendance" */;
			compatibilityVersion = "Xcode 9.3";
			developmentRegion = en;
			hasScannedForEncodings = 0;
			knownRegions = (
				en,
				Base,
			);
			mainGroup = 4320C73D268EF15900AEF27B;
			productRefGroup = 4320C747268EF15900AEF27B /* Products */;
			projectDirPath = "";
			projectRoot = "";
			targets = (
				4320C745268EF15900AEF27B /* GpAttendance */,
				4320C75B268EF2AA00AEF27B /* GpAttendanceWidgetExtension */,
			);
		};
/* End PBXProject section */

/* Begin PBXResourcesBuildPhase section */
		4320C744268EF15900AEF27B /* Resources */ = {
			isa = PBXResourcesBuildPhase;
			buildActionMask = 2147483647;
			files = (
				4320C751268EF15A00AEF27B /* Preview Assets.xcassets in Resources */,
				4320C74E268EF15A00AEF27B /* Assets.xcassets in Resources */,
			);
			runOnlyForDeploymentPostprocessing = 0;
		};
		4320C75A268EF2AA00AEF27B /* Resources */ = {
			isa = PBXResourcesBuildPhase;
			buildActionMask = 2147483647;
			files = (
				4320C767268EF2AB00AEF27B /* Assets.xcassets in Resources */,
			);
			runOnlyForDeploymentPostprocessing = 0;
		};
/* End PBXResourcesBuildPhase section */

/* Begin PBXSourcesBuildPhase section */
		4320C742268EF15900AEF27B /* Sources */ = {
			isa = PBXSourcesBuildPhase;
			buildActionMask = 2147483647;
			files = (
				4320C773268EF2EB00AEF27B /* UserDefaults+PropertyWrapper.swift in Sources */,
				4320C777268EFAB700AEF27B /* UserDefaultStore.swift in Sources */,
				4320C77D268F114400AEF27B /* AppState.swift in Sources */,
				4320C76A268EF2AB00AEF27B /* GpAttendanceWidget.intentdefinition in Sources */,
				4320C77B268F095C00AEF27B /* SettingView.swift in Sources */,
				4320C74C268EF15900AEF27B /* ContentView.swift in Sources */,
				4320C74A268EF15900AEF27B /* GpAttendanceApp.swift in Sources */,
				4320C77F268F13EB00AEF27B /* Calendar+.swift in Sources */,
			);
			runOnlyForDeploymentPostprocessing = 0;
		};
		4320C758268EF2AA00AEF27B /* Sources */ = {
			isa = PBXSourcesBuildPhase;
			buildActionMask = 2147483647;
			files = (
				4320C780268F157800AEF27B /* Calendar+.swift in Sources */,
				4320C769268EF2AB00AEF27B /* GpAttendanceWidget.intentdefinition in Sources */,
				4320C779268F020300AEF27B /* UserDefaults+PropertyWrapper.swift in Sources */,
				4320C778268F01FF00AEF27B /* UserDefaultStore.swift in Sources */,
				4320C764268EF2AA00AEF27B /* GpAttendanceWidget.swift in Sources */,
			);
			runOnlyForDeploymentPostprocessing = 0;
		};
/* End PBXSourcesBuildPhase section */

/* Begin PBXTargetDependency section */
		4320C76C268EF2AB00AEF27B /* PBXTargetDependency */ = {
			isa = PBXTargetDependency;
			target = 4320C75B268EF2AA00AEF27B /* GpAttendanceWidgetExtension */;
			targetProxy = 4320C76B268EF2AB00AEF27B /* PBXContainerItemProxy */;
		};
/* End PBXTargetDependency section */

/* Begin XCBuildConfiguration section */
		4320C753268EF15A00AEF27B /* Debug */ = {
			isa = XCBuildConfiguration;
			buildSettings = {
				ALWAYS_SEARCH_USER_PATHS = NO;
				CLANG_ANALYZER_NONNULL = YES;
				CLANG_ANALYZER_NUMBER_OBJECT_CONVERSION = YES_AGGRESSIVE;
				CLANG_CXX_LANGUAGE_STANDARD = "gnu++14";
				CLANG_CXX_LIBRARY = "libc++";
				CLANG_ENABLE_MODULES = YES;
				CLANG_ENABLE_OBJC_ARC = YES;
				CLANG_ENABLE_OBJC_WEAK = YES;
				CLANG_WARN_BLOCK_CAPTURE_AUTORELEASING = YES;
				CLANG_WARN_BOOL_CONVERSION = YES;
				CLANG_WARN_COMMA = YES;
				CLANG_WARN_CONSTANT_CONVERSION = YES;
				CLANG_WARN_DEPRECATED_OBJC_IMPLEMENTATIONS = YES;
				CLANG_WARN_DIRECT_OBJC_ISA_USAGE = YES_ERROR;
				CLANG_WARN_DOCUMENTATION_COMMENTS = YES;
				CLANG_WARN_EMPTY_BODY = YES;
				CLANG_WARN_ENUM_CONVERSION = YES;
				CLANG_WARN_INFINITE_RECURSION = YES;
				CLANG_WARN_INT_CONVERSION = YES;
				CLANG_WARN_NON_LITERAL_NULL_CONVERSION = YES;
				CLANG_WARN_OBJC_IMPLICIT_RETAIN_SELF = YES;
				CLANG_WARN_OBJC_LITERAL_CONVERSION = YES;
				CLANG_WARN_OBJC_ROOT_CLASS = YES_ERROR;
				CLANG_WARN_QUOTED_INCLUDE_IN_FRAMEWORK_HEADER = YES;
				CLANG_WARN_RANGE_LOOP_ANALYSIS = YES;
				CLANG_WARN_STRICT_PROTOTYPES = YES;
				CLANG_WARN_SUSPICIOUS_MOVE = YES;
				CLANG_WARN_UNGUARDED_AVAILABILITY = YES_AGGRESSIVE;
				CLANG_WARN_UNREACHABLE_CODE = YES;
				CLANG_WARN__DUPLICATE_METHOD_MATCH = YES;
				COPY_PHASE_STRIP = NO;
				DEBUG_INFORMATION_FORMAT = dwarf;
				ENABLE_STRICT_OBJC_MSGSEND = YES;
				ENABLE_TESTABILITY = YES;
				GCC_C_LANGUAGE_STANDARD = gnu11;
				GCC_DYNAMIC_NO_PIC = NO;
				GCC_NO_COMMON_BLOCKS = YES;
				GCC_OPTIMIZATION_LEVEL = 0;
				GCC_PREPROCESSOR_DEFINITIONS = (
					"DEBUG=1",
					"$(inherited)",
				);
				GCC_WARN_64_TO_32_BIT_CONVERSION = YES;
				GCC_WARN_ABOUT_RETURN_TYPE = YES_ERROR;
				GCC_WARN_UNDECLARED_SELECTOR = YES;
				GCC_WARN_UNINITIALIZED_AUTOS = YES_AGGRESSIVE;
				GCC_WARN_UNUSED_FUNCTION = YES;
				GCC_WARN_UNUSED_VARIABLE = YES;
				IPHONEOS_DEPLOYMENT_TARGET = 14.5;
				MTL_ENABLE_DEBUG_INFO = INCLUDE_SOURCE;
				MTL_FAST_MATH = YES;
				ONLY_ACTIVE_ARCH = YES;
				SDKROOT = iphoneos;
				SWIFT_ACTIVE_COMPILATION_CONDITIONS = DEBUG;
				SWIFT_OPTIMIZATION_LEVEL = "-Onone";
			};
			name = Debug;
		};
		4320C754268EF15A00AEF27B /* Release */ = {
			isa = XCBuildConfiguration;
			buildSettings = {
				ALWAYS_SEARCH_USER_PATHS = NO;
				CLANG_ANALYZER_NONNULL = YES;
				CLANG_ANALYZER_NUMBER_OBJECT_CONVERSION = YES_AGGRESSIVE;
				CLANG_CXX_LANGUAGE_STANDARD = "gnu++14";
				CLANG_CXX_LIBRARY = "libc++";
				CLANG_ENABLE_MODULES = YES;
				CLANG_ENABLE_OBJC_ARC = YES;
				CLANG_ENABLE_OBJC_WEAK = YES;
				CLANG_WARN_BLOCK_CAPTURE_AUTORELEASING = YES;
				CLANG_WARN_BOOL_CONVERSION = YES;
				CLANG_WARN_COMMA = YES;
				CLANG_WARN_CONSTANT_CONVERSION = YES;
				CLANG_WARN_DEPRECATED_OBJC_IMPLEMENTATIONS = YES;
				CLANG_WARN_DIRECT_OBJC_ISA_USAGE = YES_ERROR;
				CLANG_WARN_DOCUMENTATION_COMMENTS = YES;
				CLANG_WARN_EMPTY_BODY = YES;
				CLANG_WARN_ENUM_CONVERSION = YES;
				CLANG_WARN_INFINITE_RECURSION = YES;
				CLANG_WARN_INT_CONVERSION = YES;
				CLANG_WARN_NON_LITERAL_NULL_CONVERSION = YES;
				CLANG_WARN_OBJC_IMPLICIT_RETAIN_SELF = YES;
				CLANG_WARN_OBJC_LITERAL_CONVERSION = YES;
				CLANG_WARN_OBJC_ROOT_CLASS = YES_ERROR;
				CLANG_WARN_QUOTED_INCLUDE_IN_FRAMEWORK_HEADER = YES;
				CLANG_WARN_RANGE_LOOP_ANALYSIS = YES;
				CLANG_WARN_STRICT_PROTOTYPES = YES;
				CLANG_WARN_SUSPICIOUS_MOVE = YES;
				CLANG_WARN_UNGUARDED_AVAILABILITY = YES_AGGRESSIVE;
				CLANG_WARN_UNREACHABLE_CODE = YES;
				CLANG_WARN__DUPLICATE_METHOD_MATCH = YES;
				COPY_PHASE_STRIP = NO;
				DEBUG_INFORMATION_FORMAT = "dwarf-with-dsym";
				ENABLE_NS_ASSERTIONS = NO;
				ENABLE_STRICT_OBJC_MSGSEND = YES;
				GCC_C_LANGUAGE_STANDARD = gnu11;
				GCC_NO_COMMON_BLOCKS = YES;
				GCC_WARN_64_TO_32_BIT_CONVERSION = YES;
				GCC_WARN_ABOUT_RETURN_TYPE = YES_ERROR;
				GCC_WARN_UNDECLARED_SELECTOR = YES;
				GCC_WARN_UNINITIALIZED_AUTOS = YES_AGGRESSIVE;
				GCC_WARN_UNUSED_FUNCTION = YES;
				GCC_WARN_UNUSED_VARIABLE = YES;
				IPHONEOS_DEPLOYMENT_TARGET = 14.5;
				MTL_ENABLE_DEBUG_INFO = NO;
				MTL_FAST_MATH = YES;
				SDKROOT = iphoneos;
				SWIFT_COMPILATION_MODE = wholemodule;
				SWIFT_OPTIMIZATION_LEVEL = "-O";
				VALIDATE_PRODUCT = YES;
			};
			name = Release;
		};
		4320C756268EF15A00AEF27B /* Debug */ = {
			isa = XCBuildConfiguration;
			buildSettings = {
				ALWAYS_EMBED_SWIFT_STANDARD_LIBRARIES = YES;
				ASSETCATALOG_COMPILER_APPICON_NAME = AppIcon;
				ASSETCATALOG_COMPILER_GLOBAL_ACCENT_COLOR_NAME = AccentColor;
				CODE_SIGN_ENTITLEMENTS = GpAttendance/Configuration/GpAttendance.entitlements;
				CODE_SIGN_STYLE = Automatic;
				DEVELOPMENT_ASSET_PATHS = "\"GpAttendance/Preview Content\"";
				DEVELOPMENT_TEAM = B4S4333JDW;
				ENABLE_PREVIEWS = YES;
				INFOPLIST_FILE = GpAttendance/Configuration/Info.plist;
				IPHONEOS_DEPLOYMENT_TARGET = 14.0;
				LD_RUNPATH_SEARCH_PATHS = (
					"$(inherited)",
					"@executable_path/Frameworks",
				);
				PRODUCT_BUNDLE_IDENTIFIER = dev.touyou.GpAttendance;
				PRODUCT_NAME = "$(TARGET_NAME)";
				SWIFT_VERSION = 5.0;
				TARGETED_DEVICE_FAMILY = "1,2";
			};
			name = Debug;
		};
		4320C757268EF15A00AEF27B /* Release */ = {
			isa = XCBuildConfiguration;
			buildSettings = {
				ALWAYS_EMBED_SWIFT_STANDARD_LIBRARIES = YES;
				ASSETCATALOG_COMPILER_APPICON_NAME = AppIcon;
				ASSETCATALOG_COMPILER_GLOBAL_ACCENT_COLOR_NAME = AccentColor;
				CODE_SIGN_ENTITLEMENTS = GpAttendance/Configuration/GpAttendance.entitlements;
				CODE_SIGN_STYLE = Automatic;
				DEVELOPMENT_ASSET_PATHS = "\"GpAttendance/Preview Content\"";
				DEVELOPMENT_TEAM = B4S4333JDW;
				ENABLE_PREVIEWS = YES;
				INFOPLIST_FILE = GpAttendance/Configuration/Info.plist;
				IPHONEOS_DEPLOYMENT_TARGET = 14.0;
				LD_RUNPATH_SEARCH_PATHS = (
					"$(inherited)",
					"@executable_path/Frameworks",
				);
				PRODUCT_BUNDLE_IDENTIFIER = dev.touyou.GpAttendance;
				PRODUCT_NAME = "$(TARGET_NAME)";
				SWIFT_VERSION = 5.0;
				TARGETED_DEVICE_FAMILY = "1,2";
			};
			name = Release;
		};
		4320C76F268EF2AB00AEF27B /* Debug */ = {
			isa = XCBuildConfiguration;
			buildSettings = {
				ASSETCATALOG_COMPILER_GLOBAL_ACCENT_COLOR_NAME = AccentColor;
				ASSETCATALOG_COMPILER_WIDGET_BACKGROUND_COLOR_NAME = WidgetBackground;
				CODE_SIGN_ENTITLEMENTS = GpAttendanceWidget/Configuration/GpAttendanceWidgetExtension.entitlements;
				CODE_SIGN_STYLE = Automatic;
				DEVELOPMENT_TEAM = B4S4333JDW;
				INFOPLIST_FILE = GpAttendanceWidget/Configuration/Info.plist;
				LD_RUNPATH_SEARCH_PATHS = (
					"$(inherited)",
					"@executable_path/Frameworks",
					"@executable_path/../../Frameworks",
				);
				PRODUCT_BUNDLE_IDENTIFIER = dev.touyou.GpAttendance.GpAttendanceWidget;
				PRODUCT_NAME = "$(TARGET_NAME)";
				SKIP_INSTALL = YES;
				SWIFT_VERSION = 5.0;
				TARGETED_DEVICE_FAMILY = "1,2";
			};
			name = Debug;
		};
		4320C770268EF2AB00AEF27B /* Release */ = {
			isa = XCBuildConfiguration;
			buildSettings = {
				ASSETCATALOG_COMPILER_GLOBAL_ACCENT_COLOR_NAME = AccentColor;
				ASSETCATALOG_COMPILER_WIDGET_BACKGROUND_COLOR_NAME = WidgetBackground;
				CODE_SIGN_ENTITLEMENTS = GpAttendanceWidget/Configuration/GpAttendanceWidgetExtension.entitlements;
				CODE_SIGN_STYLE = Automatic;
				DEVELOPMENT_TEAM = B4S4333JDW;
				INFOPLIST_FILE = GpAttendanceWidget/Configuration/Info.plist;
				LD_RUNPATH_SEARCH_PATHS = (
					"$(inherited)",
					"@executable_path/Frameworks",
					"@executable_path/../../Frameworks",
				);
				PRODUCT_BUNDLE_IDENTIFIER = dev.touyou.GpAttendance.GpAttendanceWidget;
				PRODUCT_NAME = "$(TARGET_NAME)";
				SKIP_INSTALL = YES;
				SWIFT_VERSION = 5.0;
				TARGETED_DEVICE_FAMILY = "1,2";
			};
			name = Release;
		};
/* End XCBuildConfiguration section */

/* Begin XCConfigurationList section */
		4320C741268EF15900AEF27B /* Build configuration list for PBXProject "GpAttendance" */ = {
			isa = XCConfigurationList;
			buildConfigurations = (
				4320C753268EF15A00AEF27B /* Debug */,
				4320C754268EF15A00AEF27B /* Release */,
			);
			defaultConfigurationIsVisible = 0;
			defaultConfigurationName = Release;
		};
		4320C755268EF15A00AEF27B /* Build configuration list for PBXNativeTarget "GpAttendance" */ = {
			isa = XCConfigurationList;
			buildConfigurations = (
				4320C756268EF15A00AEF27B /* Debug */,
				4320C757268EF15A00AEF27B /* Release */,
			);
			defaultConfigurationIsVisible = 0;
			defaultConfigurationName = Release;
		};
		4320C76E268EF2AB00AEF27B /* Build configuration list for PBXNativeTarget "GpAttendanceWidgetExtension" */ = {
			isa = XCConfigurationList;
			buildConfigurations = (
				4320C76F268EF2AB00AEF27B /* Debug */,
				4320C770268EF2AB00AEF27B /* Release */,
			);
			defaultConfigurationIsVisible = 0;
			defaultConfigurationName = Release;
		};
/* End XCConfigurationList section */
	};
	rootObject = 4320C73E268EF15900AEF27B /* Project object */;
}
